// !$*UTF8*$!
{
	archiveVersion = 1;
	classes = {
	};
	objectVersion = 56;
	objects = {

/* Begin PBXBuildFile section */
		2DB3FF4A2BC890A500C33EFE /* LoginView.swift in Sources */ = {isa = PBXBuildFile; fileRef = 2DB3FF492BC890A500C33EFE /* LoginView.swift */; };
		2DB3FF4C2BC8975600C33EFE /* SignupView.swift in Sources */ = {isa = PBXBuildFile; fileRef = 2DB3FF4B2BC8975600C33EFE /* SignupView.swift */; };
		2DB3FF4E2BC8976600C33EFE /* MyView.swift in Sources */ = {isa = PBXBuildFile; fileRef = 2DB3FF4D2BC8976600C33EFE /* MyView.swift */; };
		2DB3FF512BC8978900C33EFE /* User.swift in Sources */ = {isa = PBXBuildFile; fileRef = 2DB3FF502BC8978900C33EFE /* User.swift */; };
		2DB3FF542BC897BD00C33EFE /* SessionManager.swift in Sources */ = {isa = PBXBuildFile; fileRef = 2DB3FF532BC897BD00C33EFE /* SessionManager.swift */; };
		2DE9548E2BBF589A0096A6F7 /* loveandTimeApp.swift in Sources */ = {isa = PBXBuildFile; fileRef = 2DE9548D2BBF589A0096A6F7 /* loveandTimeApp.swift */; };
		2DE954902BBF589A0096A6F7 /* ContentView.swift in Sources */ = {isa = PBXBuildFile; fileRef = 2DE9548F2BBF589A0096A6F7 /* ContentView.swift */; };
		2DE954922BBF589B0096A6F7 /* Assets.xcassets in Resources */ = {isa = PBXBuildFile; fileRef = 2DE954912BBF589B0096A6F7 /* Assets.xcassets */; };
		2DE954952BBF589B0096A6F7 /* Preview Assets.xcassets in Resources */ = {isa = PBXBuildFile; fileRef = 2DE954942BBF589B0096A6F7 /* Preview Assets.xcassets */; };
		2DE9549F2BBF589B0096A6F7 /* loveandTimeTests.swift in Sources */ = {isa = PBXBuildFile; fileRef = 2DE9549E2BBF589B0096A6F7 /* loveandTimeTests.swift */; };
		2DE954A92BBF589B0096A6F7 /* loveandTimeUITests.swift in Sources */ = {isa = PBXBuildFile; fileRef = 2DE954A82BBF589B0096A6F7 /* loveandTimeUITests.swift */; };
		2DE954AB2BBF589B0096A6F7 /* loveandTimeUITestsLaunchTests.swift in Sources */ = {isa = PBXBuildFile; fileRef = 2DE954AA2BBF589B0096A6F7 /* loveandTimeUITestsLaunchTests.swift */; };
/* End PBXBuildFile section */

/* Begin PBXContainerItemProxy section */
		2DE9549B2BBF589B0096A6F7 /* PBXContainerItemProxy */ = {
			isa = PBXContainerItemProxy;
			containerPortal = 2DE954822BBF589A0096A6F7 /* Project object */;
			proxyType = 1;
			remoteGlobalIDString = 2DE954892BBF589A0096A6F7;
			remoteInfo = loveandTime;
		};
		2DE954A52BBF589B0096A6F7 /* PBXContainerItemProxy */ = {
			isa = PBXContainerItemProxy;
			containerPortal = 2DE954822BBF589A0096A6F7 /* Project object */;
			proxyType = 1;
			remoteGlobalIDString = 2DE954892BBF589A0096A6F7;
			remoteInfo = loveandTime;
		};
/* End PBXContainerItemProxy section */

/* Begin PBXFileReference section */
		2DB3FF492BC890A500C33EFE /* LoginView.swift */ = {isa = PBXFileReference; lastKnownFileType = sourcecode.swift; path = LoginView.swift; sourceTree = "<group>"; };
		2DB3FF4B2BC8975600C33EFE /* SignupView.swift */ = {isa = PBXFileReference; lastKnownFileType = sourcecode.swift; path = SignupView.swift; sourceTree = "<group>"; };
		2DB3FF4D2BC8976600C33EFE /* MyView.swift */ = {isa = PBXFileReference; lastKnownFileType = sourcecode.swift; path = MyView.swift; sourceTree = "<group>"; };
		2DB3FF502BC8978900C33EFE /* User.swift */ = {isa = PBXFileReference; lastKnownFileType = sourcecode.swift; path = User.swift; sourceTree = "<group>"; };
		2DB3FF532BC897BD00C33EFE /* SessionManager.swift */ = {isa = PBXFileReference; lastKnownFileType = sourcecode.swift; path = SessionManager.swift; sourceTree = "<group>"; };
		2DE9548A2BBF589A0096A6F7 /* loveandTime.app */ = {isa = PBXFileReference; explicitFileType = wrapper.application; includeInIndex = 0; path = loveandTime.app; sourceTree = BUILT_PRODUCTS_DIR; };
		2DE9548D2BBF589A0096A6F7 /* loveandTimeApp.swift */ = {isa = PBXFileReference; lastKnownFileType = sourcecode.swift; path = loveandTimeApp.swift; sourceTree = "<group>"; };
		2DE9548F2BBF589A0096A6F7 /* ContentView.swift */ = {isa = PBXFileReference; lastKnownFileType = sourcecode.swift; path = ContentView.swift; sourceTree = "<group>"; };
		2DE954912BBF589B0096A6F7 /* Assets.xcassets */ = {isa = PBXFileReference; lastKnownFileType = folder.assetcatalog; path = Assets.xcassets; sourceTree = "<group>"; };
		2DE954942BBF589B0096A6F7 /* Preview Assets.xcassets */ = {isa = PBXFileReference; lastKnownFileType = folder.assetcatalog; path = "Preview Assets.xcassets"; sourceTree = "<group>"; };
		2DE9549A2BBF589B0096A6F7 /* loveandTimeTests.xctest */ = {isa = PBXFileReference; explicitFileType = wrapper.cfbundle; includeInIndex = 0; path = loveandTimeTests.xctest; sourceTree = BUILT_PRODUCTS_DIR; };
		2DE9549E2BBF589B0096A6F7 /* loveandTimeTests.swift */ = {isa = PBXFileReference; lastKnownFileType = sourcecode.swift; path = loveandTimeTests.swift; sourceTree = "<group>"; };
		2DE954A42BBF589B0096A6F7 /* loveandTimeUITests.xctest */ = {isa = PBXFileReference; explicitFileType = wrapper.cfbundle; includeInIndex = 0; path = loveandTimeUITests.xctest; sourceTree = BUILT_PRODUCTS_DIR; };
		2DE954A82BBF589B0096A6F7 /* loveandTimeUITests.swift */ = {isa = PBXFileReference; lastKnownFileType = sourcecode.swift; path = loveandTimeUITests.swift; sourceTree = "<group>"; };
		2DE954AA2BBF589B0096A6F7 /* loveandTimeUITestsLaunchTests.swift */ = {isa = PBXFileReference; lastKnownFileType = sourcecode.swift; path = loveandTimeUITestsLaunchTests.swift; sourceTree = "<group>"; };
/* End PBXFileReference section */

/* Begin PBXFrameworksBuildPhase section */
		2DE954872BBF589A0096A6F7 /* Frameworks */ = {
			isa = PBXFrameworksBuildPhase;
			buildActionMask = 2147483647;
			files = (
			);
			runOnlyForDeploymentPostprocessing = 0;
		};
		2DE954972BBF589B0096A6F7 /* Frameworks */ = {
			isa = PBXFrameworksBuildPhase;
			buildActionMask = 2147483647;
			files = (
			);
			runOnlyForDeploymentPostprocessing = 0;
		};
		2DE954A12BBF589B0096A6F7 /* Frameworks */ = {
			isa = PBXFrameworksBuildPhase;
			buildActionMask = 2147483647;
			files = (
			);
			runOnlyForDeploymentPostprocessing = 0;
		};
/* End PBXFrameworksBuildPhase section */

/* Begin PBXGroup section */
		2DB3FF4F2BC8976E00C33EFE /* Model */ = {
			isa = PBXGroup;
			children = (
				2DB3FF502BC8978900C33EFE /* User.swift */,
				2DB3FF532BC897BD00C33EFE /* SessionManager.swift */,
			);
			path = Model;
			sourceTree = "<group>";
		};
		2DE954812BBF589A0096A6F7 = {
			isa = PBXGroup;
			children = (
				2DE9548C2BBF589A0096A6F7 /* loveandTime */,
				2DE9549D2BBF589B0096A6F7 /* loveandTimeTests */,
				2DE954A72BBF589B0096A6F7 /* loveandTimeUITests */,
				2DE9548B2BBF589A0096A6F7 /* Products */,
			);
			sourceTree = "<group>";
		};
		2DE9548B2BBF589A0096A6F7 /* Products */ = {
			isa = PBXGroup;
			children = (
				2DE9548A2BBF589A0096A6F7 /* loveandTime.app */,
				2DE9549A2BBF589B0096A6F7 /* loveandTimeTests.xctest */,
				2DE954A42BBF589B0096A6F7 /* loveandTimeUITests.xctest */,
			);
			name = Products;
			sourceTree = "<group>";
		};
		2DE9548C2BBF589A0096A6F7 /* loveandTime */ = {
			isa = PBXGroup;
			children = (
				2DB3FF4F2BC8976E00C33EFE /* Model */,
				2DE9548D2BBF589A0096A6F7 /* loveandTimeApp.swift */,
				2DE9548F2BBF589A0096A6F7 /* ContentView.swift */,
				2DE954912BBF589B0096A6F7 /* Assets.xcassets */,
				2DE954932BBF589B0096A6F7 /* Preview Content */,
				2DB3FF492BC890A500C33EFE /* LoginView.swift */,
				2DB3FF4B2BC8975600C33EFE /* SignupView.swift */,
				2DB3FF4D2BC8976600C33EFE /* MyView.swift */,
			);
			path = loveandTime;
			sourceTree = "<group>";
		};
		2DE954932BBF589B0096A6F7 /* Preview Content */ = {
			isa = PBXGroup;
			children = (
				2DE954942BBF589B0096A6F7 /* Preview Assets.xcassets */,
			);
			path = "Preview Content";
			sourceTree = "<group>";
		};
		2DE9549D2BBF589B0096A6F7 /* loveandTimeTests */ = {
			isa = PBXGroup;
			children = (
				2DE9549E2BBF589B0096A6F7 /* loveandTimeTests.swift */,
			);
			path = loveandTimeTests;
			sourceTree = "<group>";
		};
		2DE954A72BBF589B0096A6F7 /* loveandTimeUITests */ = {
			isa = PBXGroup;
			children = (
				2DE954A82BBF589B0096A6F7 /* loveandTimeUITests.swift */,
				2DE954AA2BBF589B0096A6F7 /* loveandTimeUITestsLaunchTests.swift */,
			);
			path = loveandTimeUITests;
			sourceTree = "<group>";
		};
/* End PBXGroup section */

/* Begin PBXNativeTarget section */
		2DE954892BBF589A0096A6F7 /* loveandTime */ = {
			isa = PBXNativeTarget;
			buildConfigurationList = 2DE954AE2BBF589B0096A6F7 /* Build configuration list for PBXNativeTarget "loveandTime" */;
			buildPhases = (
				2DE954862BBF589A0096A6F7 /* Sources */,
				2DE954872BBF589A0096A6F7 /* Frameworks */,
				2DE954882BBF589A0096A6F7 /* Resources */,
			);
			buildRules = (
			);
			dependencies = (
			);
			name = loveandTime;
			productName = loveandTime;
			productReference = 2DE9548A2BBF589A0096A6F7 /* loveandTime.app */;
			productType = "com.apple.product-type.application";
		};
		2DE954992BBF589B0096A6F7 /* loveandTimeTests */ = {
			isa = PBXNativeTarget;
			buildConfigurationList = 2DE954B12BBF589B0096A6F7 /* Build configuration list for PBXNativeTarget "loveandTimeTests" */;
			buildPhases = (
				2DE954962BBF589B0096A6F7 /* Sources */,
				2DE954972BBF589B0096A6F7 /* Frameworks */,
				2DE954982BBF589B0096A6F7 /* Resources */,
			);
			buildRules = (
			);
			dependencies = (
				2DE9549C2BBF589B0096A6F7 /* PBXTargetDependency */,
			);
			name = loveandTimeTests;
			productName = loveandTimeTests;
			productReference = 2DE9549A2BBF589B0096A6F7 /* loveandTimeTests.xctest */;
			productType = "com.apple.product-type.bundle.unit-test";
		};
		2DE954A32BBF589B0096A6F7 /* loveandTimeUITests */ = {
			isa = PBXNativeTarget;
			buildConfigurationList = 2DE954B42BBF589B0096A6F7 /* Build configuration list for PBXNativeTarget "loveandTimeUITests" */;
			buildPhases = (
				2DE954A02BBF589B0096A6F7 /* Sources */,
				2DE954A12BBF589B0096A6F7 /* Frameworks */,
				2DE954A22BBF589B0096A6F7 /* Resources */,
			);
			buildRules = (
			);
			dependencies = (
				2DE954A62BBF589B0096A6F7 /* PBXTargetDependency */,
			);
			name = loveandTimeUITests;
			productName = loveandTimeUITests;
			productReference = 2DE954A42BBF589B0096A6F7 /* loveandTimeUITests.xctest */;
			productType = "com.apple.product-type.bundle.ui-testing";
		};
/* End PBXNativeTarget section */

/* Begin PBXProject section */
		2DE954822BBF589A0096A6F7 /* Project object */ = {
			isa = PBXProject;
			attributes = {
				BuildIndependentTargetsInParallel = 1;
				LastSwiftUpdateCheck = 1530;
				LastUpgradeCheck = 1530;
				TargetAttributes = {
					2DE954892BBF589A0096A6F7 = {
						CreatedOnToolsVersion = 15.3;
					};
					2DE954992BBF589B0096A6F7 = {
						CreatedOnToolsVersion = 15.3;
						TestTargetID = 2DE954892BBF589A0096A6F7;
					};
					2DE954A32BBF589B0096A6F7 = {
						CreatedOnToolsVersion = 15.3;
						TestTargetID = 2DE954892BBF589A0096A6F7;
					};
				};
			};
			buildConfigurationList = 2DE954852BBF589A0096A6F7 /* Build configuration list for PBXProject "loveandTime" */;
			compatibilityVersion = "Xcode 14.0";
			developmentRegion = en;
			hasScannedForEncodings = 0;
			knownRegions = (
				en,
				Base,
			);
			mainGroup = 2DE954812BBF589A0096A6F7;
			productRefGroup = 2DE9548B2BBF589A0096A6F7 /* Products */;
			projectDirPath = "";
			projectRoot = "";
			targets = (
				2DE954892BBF589A0096A6F7 /* loveandTime */,
				2DE954992BBF589B0096A6F7 /* loveandTimeTests */,
				2DE954A32BBF589B0096A6F7 /* loveandTimeUITests */,
			);
		};
/* End PBXProject section */

/* Begin PBXResourcesBuildPhase section */
		2DE954882BBF589A0096A6F7 /* Resources */ = {
			isa = PBXResourcesBuildPhase;
			buildActionMask = 2147483647;
			files = (
				2DE954952BBF589B0096A6F7 /* Preview Assets.xcassets in Resources */,
				2DE954922BBF589B0096A6F7 /* Assets.xcassets in Resources */,
			);
			runOnlyForDeploymentPostprocessing = 0;
		};
		2DE954982BBF589B0096A6F7 /* Resources */ = {
			isa = PBXResourcesBuildPhase;
			buildActionMask = 2147483647;
			files = (
			);
			runOnlyForDeploymentPostprocessing = 0;
		};
		2DE954A22BBF589B0096A6F7 /* Resources */ = {
			isa = PBXResourcesBuildPhase;
			buildActionMask = 2147483647;
			files = (
			);
			runOnlyForDeploymentPostprocessing = 0;
		};
/* End PBXResourcesBuildPhase section */

/* Begin PBXSourcesBuildPhase section */
		2DE954862BBF589A0096A6F7 /* Sources */ = {
			isa = PBXSourcesBuildPhase;
			buildActionMask = 2147483647;
			files = (
				2DB3FF4C2BC8975600C33EFE /* SignupView.swift in Sources */,
				2DB3FF4A2BC890A500C33EFE /* LoginView.swift in Sources */,
				2DB3FF512BC8978900C33EFE /* User.swift in Sources */,
				2DB3FF4E2BC8976600C33EFE /* MyView.swift in Sources */,
				2DE954902BBF589A0096A6F7 /* ContentView.swift in Sources */,
				2DE9548E2BBF589A0096A6F7 /* loveandTimeApp.swift in Sources */,
				2DB3FF542BC897BD00C33EFE /* SessionManager.swift in Sources */,
			);
			runOnlyForDeploymentPostprocessing = 0;
		};
		2DE954962BBF589B0096A6F7 /* Sources */ = {
			isa = PBXSourcesBuildPhase;
			buildActionMask = 2147483647;
			files = (
				2DE9549F2BBF589B0096A6F7 /* loveandTimeTests.swift in Sources */,
			);
			runOnlyForDeploymentPostprocessing = 0;
		};
		2DE954A02BBF589B0096A6F7 /* Sources */ = {
			isa = PBXSourcesBuildPhase;
			buildActionMask = 2147483647;
			files = (
				2DE954A92BBF589B0096A6F7 /* loveandTimeUITests.swift in Sources */,
				2DE954AB2BBF589B0096A6F7 /* loveandTimeUITestsLaunchTests.swift in Sources */,
			);
			runOnlyForDeploymentPostprocessing = 0;
		};
/* End PBXSourcesBuildPhase section */

/* Begin PBXTargetDependency section */
		2DE9549C2BBF589B0096A6F7 /* PBXTargetDependency */ = {
			isa = PBXTargetDependency;
			target = 2DE954892BBF589A0096A6F7 /* loveandTime */;
			targetProxy = 2DE9549B2BBF589B0096A6F7 /* PBXContainerItemProxy */;
		};
		2DE954A62BBF589B0096A6F7 /* PBXTargetDependency */ = {
			isa = PBXTargetDependency;
			target = 2DE954892BBF589A0096A6F7 /* loveandTime */;
			targetProxy = 2DE954A52BBF589B0096A6F7 /* PBXContainerItemProxy */;
		};
/* End PBXTargetDependency section */

/* Begin XCBuildConfiguration section */
		2DE954AC2BBF589B0096A6F7 /* Debug */ = {
			isa = XCBuildConfiguration;
			buildSettings = {
				ALWAYS_SEARCH_USER_PATHS = NO;
				ASSETCATALOG_COMPILER_GENERATE_SWIFT_ASSET_SYMBOL_EXTENSIONS = YES;
				CLANG_ANALYZER_NONNULL = YES;
				CLANG_ANALYZER_NUMBER_OBJECT_CONVERSION = YES_AGGRESSIVE;
				CLANG_CXX_LANGUAGE_STANDARD = "gnu++20";
				CLANG_ENABLE_MODULES = YES;
				CLANG_ENABLE_OBJC_ARC = YES;
				CLANG_ENABLE_OBJC_WEAK = YES;
				CLANG_WARN_BLOCK_CAPTURE_AUTORELEASING = YES;
				CLANG_WARN_BOOL_CONVERSION = YES;
				CLANG_WARN_COMMA = YES;
				CLANG_WARN_CONSTANT_CONVERSION = YES;
				CLANG_WARN_DEPRECATED_OBJC_IMPLEMENTATIONS = YES;
				CLANG_WARN_DIRECT_OBJC_ISA_USAGE = YES_ERROR;
				CLANG_WARN_DOCUMENTATION_COMMENTS = YES;
				CLANG_WARN_EMPTY_BODY = YES;
				CLANG_WARN_ENUM_CONVERSION = YES;
				CLANG_WARN_INFINITE_RECURSION = YES;
				CLANG_WARN_INT_CONVERSION = YES;
				CLANG_WARN_NON_LITERAL_NULL_CONVERSION = YES;
				CLANG_WARN_OBJC_IMPLICIT_RETAIN_SELF = YES;
				CLANG_WARN_OBJC_LITERAL_CONVERSION = YES;
				CLANG_WARN_OBJC_ROOT_CLASS = YES_ERROR;
				CLANG_WARN_QUOTED_INCLUDE_IN_FRAMEWORK_HEADER = YES;
				CLANG_WARN_RANGE_LOOP_ANALYSIS = YES;
				CLANG_WARN_STRICT_PROTOTYPES = YES;
				CLANG_WARN_SUSPICIOUS_MOVE = YES;
				CLANG_WARN_UNGUARDED_AVAILABILITY = YES_AGGRESSIVE;
				CLANG_WARN_UNREACHABLE_CODE = YES;
				CLANG_WARN__DUPLICATE_METHOD_MATCH = YES;
				COPY_PHASE_STRIP = NO;
				DEBUG_INFORMATION_FORMAT = dwarf;
				ENABLE_STRICT_OBJC_MSGSEND = YES;
				ENABLE_TESTABILITY = YES;
				ENABLE_USER_SCRIPT_SANDBOXING = YES;
				GCC_C_LANGUAGE_STANDARD = gnu17;
				GCC_DYNAMIC_NO_PIC = NO;
				GCC_NO_COMMON_BLOCKS = YES;
				GCC_OPTIMIZATION_LEVEL = 0;
				GCC_PREPROCESSOR_DEFINITIONS = (
					"DEBUG=1",
					"$(inherited)",
				);
				GCC_WARN_64_TO_32_BIT_CONVERSION = YES;
				GCC_WARN_ABOUT_RETURN_TYPE = YES_ERROR;
				GCC_WARN_UNDECLARED_SELECTOR = YES;
				GCC_WARN_UNINITIALIZED_AUTOS = YES_AGGRESSIVE;
				GCC_WARN_UNUSED_FUNCTION = YES;
				GCC_WARN_UNUSED_VARIABLE = YES;
				IPHONEOS_DEPLOYMENT_TARGET = 17.4;
				LOCALIZATION_PREFERS_STRING_CATALOGS = YES;
				MTL_ENABLE_DEBUG_INFO = INCLUDE_SOURCE;
				MTL_FAST_MATH = YES;
				ONLY_ACTIVE_ARCH = YES;
				SDKROOT = iphoneos;
				SWIFT_ACTIVE_COMPILATION_CONDITIONS = "DEBUG $(inherited)";
				SWIFT_OPTIMIZATION_LEVEL = "-Onone";
			};
			name = Debug;
		};
		2DE954AD2BBF589B0096A6F7 /* Release */ = {
			isa = XCBuildConfiguration;
			buildSettings = {
				ALWAYS_SEARCH_USER_PATHS = NO;
				ASSETCATALOG_COMPILER_GENERATE_SWIFT_ASSET_SYMBOL_EXTENSIONS = YES;
				CLANG_ANALYZER_NONNULL = YES;
				CLANG_ANALYZER_NUMBER_OBJECT_CONVERSION = YES_AGGRESSIVE;
				CLANG_CXX_LANGUAGE_STANDARD = "gnu++20";
				CLANG_ENABLE_MODULES = YES;
				CLANG_ENABLE_OBJC_ARC = YES;
				CLANG_ENABLE_OBJC_WEAK = YES;
				CLANG_WARN_BLOCK_CAPTURE_AUTORELEASING = YES;
				CLANG_WARN_BOOL_CONVERSION = YES;
				CLANG_WARN_COMMA = YES;
				CLANG_WARN_CONSTANT_CONVERSION = YES;
				CLANG_WARN_DEPRECATED_OBJC_IMPLEMENTATIONS = YES;
				CLANG_WARN_DIRECT_OBJC_ISA_USAGE = YES_ERROR;
				CLANG_WARN_DOCUMENTATION_COMMENTS = YES;
				CLANG_WARN_EMPTY_BODY = YES;
				CLANG_WARN_ENUM_CONVERSION = YES;
				CLANG_WARN_INFINITE_RECURSION = YES;
				CLANG_WARN_INT_CONVERSION = YES;
				CLANG_WARN_NON_LITERAL_NULL_CONVERSION = YES;
				CLANG_WARN_OBJC_IMPLICIT_RETAIN_SELF = YES;
				CLANG_WARN_OBJC_LITERAL_CONVERSION = YES;
				CLANG_WARN_OBJC_ROOT_CLASS = YES_ERROR;
				CLANG_WARN_QUOTED_INCLUDE_IN_FRAMEWORK_HEADER = YES;
				CLANG_WARN_RANGE_LOOP_ANALYSIS = YES;
				CLANG_WARN_STRICT_PROTOTYPES = YES;
				CLANG_WARN_SUSPICIOUS_MOVE = YES;
				CLANG_WARN_UNGUARDED_AVAILABILITY = YES_AGGRESSIVE;
				CLANG_WARN_UNREACHABLE_CODE = YES;
				CLANG_WARN__DUPLICATE_METHOD_MATCH = YES;
				COPY_PHASE_STRIP = NO;
				DEBUG_INFORMATION_FORMAT = "dwarf-with-dsym";
				ENABLE_NS_ASSERTIONS = NO;
				ENABLE_STRICT_OBJC_MSGSEND = YES;
				ENABLE_USER_SCRIPT_SANDBOXING = YES;
				GCC_C_LANGUAGE_STANDARD = gnu17;
				GCC_NO_COMMON_BLOCKS = YES;
				GCC_WARN_64_TO_32_BIT_CONVERSION = YES;
				GCC_WARN_ABOUT_RETURN_TYPE = YES_ERROR;
				GCC_WARN_UNDECLARED_SELECTOR = YES;
				GCC_WARN_UNINITIALIZED_AUTOS = YES_AGGRESSIVE;
				GCC_WARN_UNUSED_FUNCTION = YES;
				GCC_WARN_UNUSED_VARIABLE = YES;
				IPHONEOS_DEPLOYMENT_TARGET = 17.4;
				LOCALIZATION_PREFERS_STRING_CATALOGS = YES;
				MTL_ENABLE_DEBUG_INFO = NO;
				MTL_FAST_MATH = YES;
				SDKROOT = iphoneos;
				SWIFT_COMPILATION_MODE = wholemodule;
				VALIDATE_PRODUCT = YES;
			};
			name = Release;
		};
		2DE954AF2BBF589B0096A6F7 /* Debug */ = {
			isa = XCBuildConfiguration;
			buildSettings = {
				ASSETCATALOG_COMPILER_APPICON_NAME = AppIcon;
				ASSETCATALOG_COMPILER_GLOBAL_ACCENT_COLOR_NAME = AccentColor;
				CODE_SIGN_STYLE = Automatic;
				CURRENT_PROJECT_VERSION = 1;
				DEVELOPMENT_ASSET_PATHS = "\"loveandTime/Preview Content\"";
				ENABLE_PREVIEWS = YES;
				GENERATE_INFOPLIST_FILE = YES;
				INFOPLIST_KEY_UIApplicationSceneManifest_Generation = YES;
				INFOPLIST_KEY_UIApplicationSupportsIndirectInputEvents = YES;
				INFOPLIST_KEY_UILaunchScreen_Generation = YES;
				INFOPLIST_KEY_UISupportedInterfaceOrientations_iPad = "UIInterfaceOrientationPortrait UIInterfaceOrientationPortraitUpsideDown UIInterfaceOrientationLandscapeLeft UIInterfaceOrientationLandscapeRight";
				INFOPLIST_KEY_UISupportedInterfaceOrientations_iPhone = "UIInterfaceOrientationPortrait UIInterfaceOrientationLandscapeLeft UIInterfaceOrientationLandscapeRight";
				LD_RUNPATH_SEARCH_PATHS = (
					"$(inherited)",
					"@executable_path/Frameworks",
				);
				MARKETING_VERSION = 1.0;
				PRODUCT_BUNDLE_IDENTIFIER = "love-time.loveandTime";
				PRODUCT_NAME = "$(TARGET_NAME)";
				SWIFT_EMIT_LOC_STRINGS = YES;
				SWIFT_VERSION = 5.0;
				TARGETED_DEVICE_FAMILY = "1,2";
			};
			name = Debug;
		};
		2DE954B02BBF589B0096A6F7 /* Release */ = {
			isa = XCBuildConfiguration;
			buildSettings = {
				ASSETCATALOG_COMPILER_APPICON_NAME = AppIcon;
				ASSETCATALOG_COMPILER_GLOBAL_ACCENT_COLOR_NAME = AccentColor;
				CODE_SIGN_STYLE = Automatic;
				CURRENT_PROJECT_VERSION = 1;
				DEVELOPMENT_ASSET_PATHS = "\"loveandTime/Preview Content\"";
				ENABLE_PREVIEWS = YES;
				GENERATE_INFOPLIST_FILE = YES;
				INFOPLIST_KEY_UIApplicationSceneManifest_Generation = YES;
				INFOPLIST_KEY_UIApplicationSupportsIndirectInputEvents = YES;
				INFOPLIST_KEY_UILaunchScreen_Generation = YES;
				INFOPLIST_KEY_UISupportedInterfaceOrientations_iPad = "UIInterfaceOrientationPortrait UIInterfaceOrientationPortraitUpsideDown UIInterfaceOrientationLandscapeLeft UIInterfaceOrientationLandscapeRight";
				INFOPLIST_KEY_UISupportedInterfaceOrientations_iPhone = "UIInterfaceOrientationPortrait UIInterfaceOrientationLandscapeLeft UIInterfaceOrientationLandscapeRight";
				LD_RUNPATH_SEARCH_PATHS = (
					"$(inherited)",
					"@executable_path/Frameworks",
				);
				MARKETING_VERSION = 1.0;
				PRODUCT_BUNDLE_IDENTIFIER = "love-time.loveandTime";
				PRODUCT_NAME = "$(TARGET_NAME)";
				SWIFT_EMIT_LOC_STRINGS = YES;
				SWIFT_VERSION = 5.0;
				TARGETED_DEVICE_FAMILY = "1,2";
			};
			name = Release;
		};
		2DE954B22BBF589B0096A6F7 /* Debug */ = {
			isa = XCBuildConfiguration;
			buildSettings = {
				ALWAYS_EMBED_SWIFT_STANDARD_LIBRARIES = YES;
				BUNDLE_LOADER = "$(TEST_HOST)";
				CODE_SIGN_STYLE = Automatic;
				CURRENT_PROJECT_VERSION = 1;
				GENERATE_INFOPLIST_FILE = YES;
				IPHONEOS_DEPLOYMENT_TARGET = 17.4;
				MARKETING_VERSION = 1.0;
				PRODUCT_BUNDLE_IDENTIFIER = "love-time.loveandTimeTests";
				PRODUCT_NAME = "$(TARGET_NAME)";
				SWIFT_EMIT_LOC_STRINGS = NO;
				SWIFT_VERSION = 5.0;
				TARGETED_DEVICE_FAMILY = "1,2";
				TEST_HOST = "$(BUILT_PRODUCTS_DIR)/loveandTime.app/$(BUNDLE_EXECUTABLE_FOLDER_PATH)/loveandTime";
			};
			name = Debug;
		};
		2DE954B32BBF589B0096A6F7 /* Release */ = {
			isa = XCBuildConfiguration;
			buildSettings = {
				ALWAYS_EMBED_SWIFT_STANDARD_LIBRARIES = YES;
				BUNDLE_LOADER = "$(TEST_HOST)";
				CODE_SIGN_STYLE = Automatic;
				CURRENT_PROJECT_VERSION = 1;
				GENERATE_INFOPLIST_FILE = YES;
				IPHONEOS_DEPLOYMENT_TARGET = 17.4;
				MARKETING_VERSION = 1.0;
				PRODUCT_BUNDLE_IDENTIFIER = "love-time.loveandTimeTests";
				PRODUCT_NAME = "$(TARGET_NAME)";
				SWIFT_EMIT_LOC_STRINGS = NO;
				SWIFT_VERSION = 5.0;
				TARGETED_DEVICE_FAMILY = "1,2";
				TEST_HOST = "$(BUILT_PRODUCTS_DIR)/loveandTime.app/$(BUNDLE_EXECUTABLE_FOLDER_PATH)/loveandTime";
			};
			name = Release;
		};
		2DE954B52BBF589B0096A6F7 /* Debug */ = {
			isa = XCBuildConfiguration;
			buildSettings = {
				ALWAYS_EMBED_SWIFT_STANDARD_LIBRARIES = YES;
				CODE_SIGN_STYLE = Automatic;
				CURRENT_PROJECT_VERSION = 1;
				GENERATE_INFOPLIST_FILE = YES;
				MARKETING_VERSION = 1.0;
				PRODUCT_BUNDLE_IDENTIFIER = "love-time.loveandTimeUITests";
				PRODUCT_NAME = "$(TARGET_NAME)";
				SWIFT_EMIT_LOC_STRINGS = NO;
				SWIFT_VERSION = 5.0;
				TARGETED_DEVICE_FAMILY = "1,2";
				TEST_TARGET_NAME = loveandTime;
			};
			name = Debug;
		};
		2DE954B62BBF589B0096A6F7 /* Release */ = {
			isa = XCBuildConfiguration;
			buildSettings = {
				ALWAYS_EMBED_SWIFT_STANDARD_LIBRARIES = YES;
				CODE_SIGN_STYLE = Automatic;
				CURRENT_PROJECT_VERSION = 1;
				GENERATE_INFOPLIST_FILE = YES;
				MARKETING_VERSION = 1.0;
				PRODUCT_BUNDLE_IDENTIFIER = "love-time.loveandTimeUITests";
				PRODUCT_NAME = "$(TARGET_NAME)";
				SWIFT_EMIT_LOC_STRINGS = NO;
				SWIFT_VERSION = 5.0;
				TARGETED_DEVICE_FAMILY = "1,2";
				TEST_TARGET_NAME = loveandTime;
			};
			name = Release;
		};
/* End XCBuildConfiguration section */

/* Begin XCConfigurationList section */
		2DE954852BBF589A0096A6F7 /* Build configuration list for PBXProject "loveandTime" */ = {
			isa = XCConfigurationList;
			buildConfigurations = (
				2DE954AC2BBF589B0096A6F7 /* Debug */,
				2DE954AD2BBF589B0096A6F7 /* Release */,
			);
			defaultConfigurationIsVisible = 0;
			defaultConfigurationName = Release;
		};
		2DE954AE2BBF589B0096A6F7 /* Build configuration list for PBXNativeTarget "loveandTime" */ = {
			isa = XCConfigurationList;
			buildConfigurations = (
				2DE954AF2BBF589B0096A6F7 /* Debug */,
				2DE954B02BBF589B0096A6F7 /* Release */,
			);
			defaultConfigurationIsVisible = 0;
			defaultConfigurationName = Release;
		};
		2DE954B12BBF589B0096A6F7 /* Build configuration list for PBXNativeTarget "loveandTimeTests" */ = {
			isa = XCConfigurationList;
			buildConfigurations = (
				2DE954B22BBF589B0096A6F7 /* Debug */,
				2DE954B32BBF589B0096A6F7 /* Release */,
			);
			defaultConfigurationIsVisible = 0;
			defaultConfigurationName = Release;
		};
		2DE954B42BBF589B0096A6F7 /* Build configuration list for PBXNativeTarget "loveandTimeUITests" */ = {
			isa = XCConfigurationList;
			buildConfigurations = (
				2DE954B52BBF589B0096A6F7 /* Debug */,
				2DE954B62BBF589B0096A6F7 /* Release */,
			);
			defaultConfigurationIsVisible = 0;
			defaultConfigurationName = Release;
		};
/* End XCConfigurationList section */
	};
	rootObject = 2DE954822BBF589A0096A6F7 /* Project object */;
}
